
Microsoft Visual Studio Solution File, Format Version 12.00
# Visual Studio 15
VisualStudioVersion = 15.0.27703.2026
MinimumVisualStudioVersion = 10.0.40219.1
Project("{FAE04EC0-301F-11D3-BF4B-00C04F79EFBC}") = "CLI", "CLI\CLI.csproj", "{FCC6FA85-3F88-4AD1-8498-F0640A2B8296}"
EndProject
Global
	GlobalSection(SolutionConfigurationPlatforms) = preSolution
		Debug|Any CPU = Debug|Any CPU
		Release|Any CPU = Release|Any CPU
	EndGlobalSection
	GlobalSection(ProjectConfigurationPlatforms) = postSolution
		{FCC6FA85-3F88-4AD1-8498-F0640A2B8296}.Debug|Any CPU.ActiveCfg = Debug|Any CPU
		{FCC6FA85-3F88-4AD1-8498-F0640A2B8296}.Debug|Any CPU.Build.0 = Debug|Any CPU
		{FCC6FA85-3F88-4AD1-8498-F0640A2B8296}.Release|Any CPU.ActiveCfg = Release|Any CPU
		{FCC6FA85-3F88-4AD1-8498-F0640A2B8296}.Release|Any CPU.Build.0 = Release|Any CPU
	EndGlobalSection
	GlobalSection(SolutionProperties) = preSolution
		HideSolutionNode = FALSE
	EndGlobalSection
	GlobalSection(ExtensibilityGlobals) = postSolution
		SolutionGuid = {75ADD109-257D-46E9-9058-5FAB474A84E0}
	EndGlobalSection
EndGlobal
